{
  "name": "ngx-flickity",
  "version": "0.0.8",
  "lockfileVersion": 3,
  "requires": true,
  "packages": {
    "": {
      "name": "ngx-flickity",
      "version": "0.0.8",
      "license": "MIT",
      "dependencies": {
        "flickity-module": "^0.1.0"
      },
      "devDependencies": {
        "@angular/common": "~4.0.0",
        "@angular/compiler": "^4.0.0",
        "@angular/compiler-cli": "^4.0.2",
        "@angular/core": "^4.0.0",
        "@types/flickity": "^1.1.31",
        "core-js": "^2.4.0",
        "rxjs": "^5.1.0",
        "typescript": "^2.1.0",
        "zone.js": "^0.8.0"
      }
    },
    "node_modules/@angular/common": {
      "version": "4.0.3",
      "resolved": "https://registry.npmjs.org/@angular/common/-/common-4.0.3.tgz",
      "integrity": "sha512-HVWRlcxyJ7xEagjhORx2yOQ56QZ6mqlYhp0Lba+OohcAegS2l8LqjLHhgHteqUQTnT0abbl44P0LqkNnvx990w==",
      "dev": true,
      "peerDependencies": {
        "@angular/core": "4.0.3"
      }
    },
    "node_modules/@angular/compiler": {
      "version": "4.4.7",
      "resolved": "https://registry.npmjs.org/@angular/compiler/-/compiler-4.4.7.tgz",
      "integrity": "sha512-aiRh86RqHMTgJ7xckQWzG2UTnq23+WuDVhYh/QL19R43areZLglqgtKSkfezg9aatO5CGzxDA3qL5WGhccQ5EQ==",
      "dev": true,
      "dependencies": {
        "tslib": "^1.7.1"
      },
      "peerDependencies": {
        "@angular/core": "4.4.7"
      }
    },
    "node_modules/@angular/compiler-cli": {
      "version": "4.4.7",
      "resolved": "https://registry.npmjs.org/@angular/compiler-cli/-/compiler-cli-4.4.7.tgz",
      "integrity": "sha512-vzphs9galtMV29CW+ihp6v0HwSQrjAFqs04swqt9o0jEJET6/mPi1EFjJRNZiFn6ghh6lxUPr3vThy7CrSNxHg==",
      "dev": true,
      "dependencies": {
        "@angular/tsc-wrapped": "4.4.7",
        "minimist": "^1.2.0",
        "reflect-metadata": "^0.1.2"
      },
      "bin": {
        "ng-xi18n": "src/extract_i18n.js",
        "ngc": "src/main.js"
      },
      "peerDependencies": {
        "@angular/compiler": "4.4.7",
        "@angular/core": "4.4.7",
        "typescript": "^2.0.2"
      }
    },
    "node_modules/@angular/core": {
      "version": "4.0.3",
      "resolved": "https://registry.npmjs.org/@angular/core/-/core-4.0.3.tgz",
      "integrity": "sha512-eZXUyEozkQEQuG9rTudyEaaezyzBdXx+xqVzCmATzvbHZgSoWljd0AhQFa2rEbU0Qwu+1SINM6CJAnrNcOR32w==",
      "dev": true,
      "peerDependencies": {
        "rxjs": "^5.0.1",
        "zone.js": "^0.8.4"
      }
    },
    "node_modules/@angular/tsc-wrapped": {
      "version": "4.4.7",
      "resolved": "https://registry.npmjs.org/@angular/tsc-wrapped/-/tsc-wrapped-4.4.7.tgz",
      "integrity": "sha512-R9w7sTU+HSTMPOa4NgvPL753qB6aqnPc1AVh2rwSl5FOpLS/AeeyzIhRnBsVXGrZrTcBQVLp/Cxg1oUSXE2k4Q==",
      "dev": true,
      "dependencies": {
        "tsickle": "^0.21.0"
      },
      "peerDependencies": {
        "typescript": "^2.1.5"
      }
    },
    "node_modules/@types/flickity": {
      "version": "1.1.32",
      "resolved": "https://registry.npmjs.org/@types/flickity/-/flickity-1.1.32.tgz",
      "integrity": "sha512-zdhr2ss3JL+AsABfczoDKA6jT+tOj0kXKHE+rMdHkNCD+kgcxvQiVjeW5ADVRCw98Lr47SZN8pZDu+xTd4RniA==",
      "dev": true
    },
    "node_modules/core-js": {
      "version": "2.6.12",
      "resolved": "https://registry.npmjs.org/core-js/-/core-js-2.6.12.tgz",
      "integrity": "sha512-Kb2wC0fvsWfQrgk8HU5lW6U/Lcs8+9aaYcy4ZFc6DDlo4nZ7n70dEgE5rtR0oG6ufKDUnrwfWL1mXR5ljDatrQ==",
      "deprecated": "core-js@<3.23.3 is no longer maintained and not recommended for usage due to the number of issues. Because of the V8 engine whims, feature detection in old core-js versions could cause a slowdown up to 100x even if nothing is polyfilled. Some versions have web compatibility issues. Please, upgrade your dependencies to the actual version of core-js.",
      "dev": true,
      "hasInstallScript": true
    },
    "node_modules/flickity-module": {
      "version": "0.1.0",
      "resolved": "https://registry.npmjs.org/flickity-module/-/flickity-module-0.1.0.tgz",
      "integrity": "sha512-dZvs9avdoMglzMHrAk40kXSNo4A40KUGNvmcMPIh+mKJIXQQ5+03n76aLpDh2xjW8VLIB3PB356JN95Rq1rMCg==",
      "dependencies": {
        "ev-emitter": "^2.1.2",
        "fizzy-ui-utils": "^3.0.0",
        "get-size-module": "^0.1.1",
        "imagesloaded": "^5.0.0",
        "unidragger": "^3.0.1"
      }
    },
    "node_modules/flickity-module/node_modules/ev-emitter": {
      "version": "2.1.2",
      "resolved": "https://registry.npmjs.org/ev-emitter/-/ev-emitter-2.1.2.tgz",
      "integrity": "sha512-jQ5Ql18hdCQ4qS+RCrbLfz1n+Pags27q5TwMKvZyhp5hh2UULUYZUy1keqj6k6SYsdqIYjnmz7xyyEY0V67B8Q=="
    },
    "node_modules/flickity-module/node_modules/fizzy-ui-utils": {
      "version": "3.0.0",
      "resolved": "https://registry.npmjs.org/fizzy-ui-utils/-/fizzy-ui-utils-3.0.0.tgz",
      "integrity": "sha512-uJj38QFQiJ/KCio5tiZhwAjIbTXSIgzBCKdKVbaYfLS053F6z23Nb0o1ZoO9gnxOQWN7BCc35jsvrCtAq3gY9g=="
    },
    "node_modules/flickity-module/node_modules/unidragger": {
      "version": "3.0.1",
      "resolved": "https://registry.npmjs.org/unidragger/-/unidragger-3.0.1.tgz",
      "integrity": "sha512-RngbGSwBFmqGBWjkaH+yB677uzR95blSQyxq6hYbrQCejH3Mx1nm8DVOuh3M9k2fQyTstWUG5qlgCnNqV/9jVw==",
      "dependencies": {
        "ev-emitter": "^2.0.0"
      }
    },
    "node_modules/get-size-module": {
      "version": "0.1.1",
      "resolved": "https://registry.npmjs.org/get-size-module/-/get-size-module-0.1.1.tgz",
      "integrity": "sha512-bti3+KIxzMbxcCF4zqoKnUxi858owAOjnuHSPHNWQxu+0Z2gI0A2KPVI8sT9M/LsZL/Coi5f0e4fKwY7sCdK3Q=="
    },
    "node_modules/imagesloaded": {
      "version": "5.0.0",
      "resolved": "https://registry.npmjs.org/imagesloaded/-/imagesloaded-5.0.0.tgz",
      "integrity": "sha512-/0JGSubc1MTCoDKVmonLHgbifBWHdyLkun+R/151E1c5n79hiSxcd7cB7mPXFgojYu8xnRZv7GYxzKoxW8BetQ==",
      "dependencies": {
        "ev-emitter": "^2.1.2"
      }
    },
    "node_modules/imagesloaded/node_modules/ev-emitter": {
      "version": "2.1.2",
      "resolved": "https://registry.npmjs.org/ev-emitter/-/ev-emitter-2.1.2.tgz",
      "integrity": "sha512-jQ5Ql18hdCQ4qS+RCrbLfz1n+Pags27q5TwMKvZyhp5hh2UULUYZUy1keqj6k6SYsdqIYjnmz7xyyEY0V67B8Q=="
    },
    "node_modules/minimist": {
      "version": "1.2.8",
      "resolved": "https://registry.npmjs.org/minimist/-/minimist-1.2.8.tgz",
      "integrity": "sha512-2yyAR8qBkN3YuheJanUpWC5U3bb5osDywNB8RzDVlDwDHbocAJveqqj1u8+SVD7jkWT4yvsHCpWqqWqAxb0zCA==",
      "dev": true,
      "funding": {
        "url": "https://github.com/sponsors/ljharb"
      }
    },
    "node_modules/mkdirp": {
      "version": "0.5.6",
      "resolved": "https://registry.npmjs.org/mkdirp/-/mkdirp-0.5.6.tgz",
      "integrity": "sha512-FP+p8RB8OWpF3YZBCrP5gtADmtXApB5AMLn+vdyA+PyxCjrCs00mjyUozssO33cwDeT3wNGdLxJ5M//YqtHAJw==",
      "dev": true,
      "dependencies": {
        "minimist": "^1.2.6"
      },
      "bin": {
        "mkdirp": "bin/cmd.js"
      }
    },
    "node_modules/reflect-metadata": {
      "version": "0.1.13",
      "resolved": "https://registry.npmjs.org/reflect-metadata/-/reflect-metadata-0.1.13.tgz",
      "integrity": "sha512-Ts1Y/anZELhSsjMcU605fU9RE4Oi3p5ORujwbIKXfWa+0Zxs510Qrmrce5/Jowq3cHSZSJqBjypxmHarc+vEWg==",
      "dev": true
    },
    "node_modules/rxjs": {
      "version": "5.5.12",
      "resolved": "https://registry.npmjs.org/rxjs/-/rxjs-5.5.12.tgz",
      "integrity": "sha512-xx2itnL5sBbqeeiVgNPVuQQ1nC8Jp2WfNJhXWHmElW9YmrpS9UVnNzhP3EH3HFqexO5Tlp8GhYY+WEcqcVMvGw==",
      "dev": true,
      "dependencies": {
        "symbol-observable": "1.0.1"
      },
      "engines": {
        "npm": ">=2.0.0"
      }
    },
    "node_modules/source-map": {
      "version": "0.5.7",
      "resolved": "https://registry.npmjs.org/source-map/-/source-map-0.5.7.tgz",
      "integrity": "sha512-LbrmJOMUSdEVxIKvdcJzQC+nQhe8FUZQTXQy6+I75skNgn3OoQ0DZA8YnFa7gp8tqtL3KPf1kmo0R5DoApeSGQ==",
      "dev": true,
      "engines": {
        "node": ">=0.10.0"
      }
    },
    "node_modules/source-map-support": {
      "version": "0.4.18",
      "resolved": "https://registry.npmjs.org/source-map-support/-/source-map-support-0.4.18.tgz",
      "integrity": "sha512-try0/JqxPLF9nOjvSta7tVondkP5dwgyLDjVoyMDlmjugT2lRZ1OfsrYTkCd2hkDnJTKRbO/Rl3orm8vlsUzbA==",
      "dev": true,
      "dependencies": {
        "source-map": "^0.5.6"
      }
    },
    "node_modules/symbol-observable": {
      "version": "1.0.1",
      "resolved": "https://registry.npmjs.org/symbol-observable/-/symbol-observable-1.0.1.tgz",
      "integrity": "sha512-Kb3PrPYz4HanVF1LVGuAdW6LoVgIwjUYJGzFe7NDrBLCN4lsV/5J0MFurV+ygS4bRVwrCEt2c7MQ1R2a72oJDw==",
      "dev": true,
      "engines": {
        "node": ">=0.10.0"
      }
    },
    "node_modules/tsickle": {
      "version": "0.21.6",
      "resolved": "https://registry.npmjs.org/tsickle/-/tsickle-0.21.6.tgz",
      "integrity": "sha512-S0WhNQvuO7zbTDeOrNJ1LGKPVLUE0kjSdpMxMiyeZE0c0MtpvB93p787iOnjKqUOFl1+x2v1CN/DDMFOX6WKdA==",
      "dev": true,
      "dependencies": {
        "minimist": "^1.2.0",
        "mkdirp": "^0.5.1",
        "source-map": "^0.5.6",
        "source-map-support": "^0.4.2"
      },
      "bin": {
        "tsickle": "build/src/main.js"
      },
      "peerDependencies": {
        "typescript": "^2.1.0"
      }
    },
    "node_modules/tslib": {
      "version": "1.14.1",
      "resolved": "https://registry.npmjs.org/tslib/-/tslib-1.14.1.tgz",
      "integrity": "sha512-Xni35NKzjgMrwevysHTCArtLDpPvye8zV/0E4EyYn43P7/7qvQwPh9BGkHewbMulVntbigmcT7rdX3BNo9wRJg==",
      "dev": true
    },
    "node_modules/typescript": {
      "version": "2.9.2",
      "resolved": "https://registry.npmjs.org/typescript/-/typescript-2.9.2.tgz",
      "integrity": "sha512-Gr4p6nFNaoufRIY4NMdpQRNmgxVIGMs4Fcu/ujdYk3nAZqk7supzBE9idmvfZIlH/Cuj//dvi+019qEue9lV0w==",
      "dev": true,
      "bin": {
        "tsc": "bin/tsc",
        "tsserver": "bin/tsserver"
      },
      "engines": {
        "node": ">=4.2.0"
      }
    },
    "node_modules/zone.js": {
      "version": "0.8.29",
      "resolved": "https://registry.npmjs.org/zone.js/-/zone.js-0.8.29.tgz",
      "integrity": "sha512-mla2acNCMkWXBD+c+yeUrBUrzOxYMNFdQ6FGfigGGtEVBPJx07BQeJekjt9DmH1FtZek4E9rE1eRR9qQpxACOQ==",
      "dev": true
    }
  }
}
